
Microsoft Visual Studio Solution File, Format Version 12.00
# Visual Studio 15
VisualStudioVersion = 15.0.27428.2043
MinimumVisualStudioVersion = 10.0.40219.1
Project("{FAE04EC0-301F-11D3-BF4B-00C04F79EFBC}") = "CodeWithMosh_Vidly", "CodeWithMosh_Vidly\CodeWithMosh_Vidly.csproj", "{23DB649B-A4C4-4CEE-9808-479A542408A7}"
EndProject
Global
	GlobalSection(SolutionConfigurationPlatforms) = preSolution
		Debug|Any CPU = Debug|Any CPU
		Release|Any CPU = Release|Any CPU
	EndGlobalSection
	GlobalSection(ProjectConfigurationPlatforms) = postSolution
		{23DB649B-A4C4-4CEE-9808-479A542408A7}.Debug|Any CPU.ActiveCfg = Debug|Any CPU
		{23DB649B-A4C4-4CEE-9808-479A542408A7}.Debug|Any CPU.Build.0 = Debug|Any CPU
		{23DB649B-A4C4-4CEE-9808-479A542408A7}.Release|Any CPU.ActiveCfg = Release|Any CPU
		{23DB649B-A4C4-4CEE-9808-479A542408A7}.Release|Any CPU.Build.0 = Release|Any CPU
	EndGlobalSection
	GlobalSection(SolutionProperties) = preSolution
		HideSolutionNode = FALSE
	EndGlobalSection
	GlobalSection(ExtensibilityGlobals) = postSolution
		SolutionGuid = {DA0245BD-1177-4A14-8BC7-782A8A4F131F}
	EndGlobalSection
EndGlobal
